{
  "name": "ros-app-dev",
  "lockfileVersion": 2,
  "requires": true,
  "packages": {
    "": {
      "dependencies": {
        "tdesign-miniprogram": "^1.1.5-beta"
      }
    },
    "node_modules/dayjs": {
      "version": "1.11.7",
      "resolved": "https://registry.npmjs.org/dayjs/-/dayjs-1.11.7.tgz",
      "integrity": "sha512-+Yw9U6YO5TQohxLcIkrXBeY73WP3ejHWVvx8XCk3gxvQDCTEmS48ZrSZCKciI7Bhl/uCMyxYtE9UqRILmFphkQ=="
    },
    "node_modules/tdesign-miniprogram": {
      "version": "1.1.5-beta",
      "resolved": "https://registry.npmjs.org/tdesign-miniprogram/-/tdesign-miniprogram-1.1.5-beta.tgz",
      "integrity": "sha512-pZK1KpeKABjdblsM830i4SQ0SLqJTEH9MyzdmzL3D3baelBlb3lIA3kmqzUz/twHhO3rKaHhjWGaio8wmy1c5w==",
      "dependencies": {
        "dayjs": "^1.10.7"
      }
    }
  },
  "dependencies": {
    "dayjs": {
      "version": "1.11.7",
      "resolved": "https://registry.npmjs.org/dayjs/-/dayjs-1.11.7.tgz",
      "integrity": "sha512-+Yw9U6YO5TQohxLcIkrXBeY73WP3ejHWVvx8XCk3gxvQDCTEmS48ZrSZCKciI7Bhl/uCMyxYtE9UqRILmFphkQ=="
    },
    "tdesign-miniprogram": {
      "version": "1.1.5-beta",
      "resolved": "https://registry.npmjs.org/tdesign-miniprogram/-/tdesign-miniprogram-1.1.5-beta.tgz",
      "integrity": "sha512-pZK1KpeKABjdblsM830i4SQ0SLqJTEH9MyzdmzL3D3baelBlb3lIA3kmqzUz/twHhO3rKaHhjWGaio8wmy1c5w==",
      "requires": {
        "dayjs": "^1.10.7"
      }
    }
  }
}
